
Microsoft Visual Studio Solution File, Format Version 12.00
# Visual Studio Version 16
VisualStudioVersion = 16.0.31205.134
MinimumVisualStudioVersion = 10.0.40219.1
Project("{FAE04EC0-301F-11D3-BF4B-00C04F79EFBC}") = "TesteDigitacaoNumeros", "TesteDigitacaoNumeros\TesteDigitacaoNumeros.csproj", "{07269AEA-16F5-4CA8-A405-6E0BB4C84C2F}"
EndProject
Global
	GlobalSection(SolutionConfigurationPlatforms) = preSolution
		Debug|Any CPU = Debug|Any CPU
		Release|Any CPU = Release|Any CPU
	EndGlobalSection
	GlobalSection(ProjectConfigurationPlatforms) = postSolution
		{07269AEA-16F5-4CA8-A405-6E0BB4C84C2F}.Debug|Any CPU.ActiveCfg = Debug|Any CPU
		{07269AEA-16F5-4CA8-A405-6E0BB4C84C2F}.Debug|Any CPU.Build.0 = Debug|Any CPU
		{07269AEA-16F5-4CA8-A405-6E0BB4C84C2F}.Release|Any CPU.ActiveCfg = Release|Any CPU
		{07269AEA-16F5-4CA8-A405-6E0BB4C84C2F}.Release|Any CPU.Build.0 = Release|Any CPU
	EndGlobalSection
	GlobalSection(SolutionProperties) = preSolution
		HideSolutionNode = FALSE
	EndGlobalSection
	GlobalSection(ExtensibilityGlobals) = postSolution
		SolutionGuid = {7FFFDB4E-8645-4A02-B4F6-DF27AE4F5159}
	EndGlobalSection
EndGlobal
